
Microsoft Visual Studio Solution File, Format Version 12.00
# Visual Studio Version 17
VisualStudioVersion = 17.5.33516.290
MinimumVisualStudioVersion = 10.0.40219.1
Project("{8BC9CEB8-8B4A-11D0-8D11-00A0C91BC942}") = "Singleton", "Singleton\Singleton.vcxproj", "{63F96E4D-62D4-4939-858E-D7470848452E}"
EndProject
Global
	GlobalSection(SolutionConfigurationPlatforms) = preSolution
		Debug|x64 = Debug|x64
		Debug|x86 = Debug|x86
		Release|x64 = Release|x64
		Release|x86 = Release|x86
	EndGlobalSection
	GlobalSection(ProjectConfigurationPlatforms) = postSolution
		{63F96E4D-62D4-4939-858E-D7470848452E}.Debug|x64.ActiveCfg = Debug|x64
		{63F96E4D-62D4-4939-858E-D7470848452E}.Debug|x64.Build.0 = Debug|x64
		{63F96E4D-62D4-4939-858E-D7470848452E}.Debug|x86.ActiveCfg = Debug|Win32
		{63F96E4D-62D4-4939-858E-D7470848452E}.Debug|x86.Build.0 = Debug|Win32
		{63F96E4D-62D4-4939-858E-D7470848452E}.Release|x64.ActiveCfg = Release|x64
		{63F96E4D-62D4-4939-858E-D7470848452E}.Release|x64.Build.0 = Release|x64
		{63F96E4D-62D4-4939-858E-D7470848452E}.Release|x86.ActiveCfg = Release|Win32
		{63F96E4D-62D4-4939-858E-D7470848452E}.Release|x86.Build.0 = Release|Win32
	EndGlobalSection
	GlobalSection(SolutionProperties) = preSolution
		HideSolutionNode = FALSE
	EndGlobalSection
	GlobalSection(ExtensibilityGlobals) = postSolution
		SolutionGuid = {410B18FA-FAD3-4BDC-B621-D8CFEC5FFE87}
	EndGlobalSection
EndGlobal
